{
  "name": "voicerobot",
  "lockfileVersion": 3,
  "requires": true,
  "packages": {
    "": {
      "dependencies": {
        "@wailsapp/runtime": "^1.1.1",
        "recorder-js": "^1.0.7",
        "wav-encoder": "^1.3.0"
      }
    },
    "node_modules/@wailsapp/runtime": {
      "version": "1.1.1",
      "resolved": "https://registry.npmmirror.com/@wailsapp/runtime/-/runtime-1.1.1.tgz",
      "integrity": "sha512-KhDNlUr5gS3OgFf/YULjTxNUj02w11AHbNkXiuQyCmND43vMdFpLyko43M1s3npUE+hMMdWoZ9wXBI+ltSKiiw=="
    },
    "node_modules/inline-worker": {
      "version": "1.1.0",
      "resolved": "https://registry.npmmirror.com/inline-worker/-/inline-worker-1.1.0.tgz",
      "integrity": "sha512-2nlxBGg5Uoop6IRco9wMzlAz62690ylokrUDg3IaCi9bJaq0HykbWlRtRXgvSKiBNmCBGXnOCFBkIFjaSGJocA=="
    },
    "node_modules/recorder-js": {
      "version": "1.0.7",
      "resolved": "https://registry.npmmirror.com/recorder-js/-/recorder-js-1.0.7.tgz",
      "integrity": "sha512-jSG4GP1FUV9vGxY9lrvaI2yGq1OwfIvK8MF8qPndODhkwGx+iPBTG7ZhWK8YHt/zT/c88MmFZCntv9G7x1Exxg==",
      "dependencies": {
        "inline-worker": "^1.1.0"
      }
    },
    "node_modules/wav-encoder": {
      "version": "1.3.0",
      "resolved": "https://registry.npmmirror.com/wav-encoder/-/wav-encoder-1.3.0.tgz",
      "integrity": "sha512-FXJdEu2qDOI+wbVYZpu21CS1vPEg5NaxNskBr4SaULpOJMrLE6xkH8dECa7PiS+ZoeyvP7GllWUAxPN3AvFSEw=="
    }
  }
}
